{
  "name": "playwrightdemoapp",
  "version": "1.0.0",
  "lockfileVersion": 3,
  "requires": true,
  "packages": {
    "": {
      "name": "playwrightdemoapp",
      "version": "1.0.0",
      "license": "ISC",
      "dependencies": {
        "@cliqz/adblocker-playwright": "^1.26.15"
      },
      "devDependencies": {
        "@playwright/test": "^1.41.0",
        "@types/node": "^20.11.5"
      }
    },
    "node_modules/@cliqz/adblocker": {
      "version": "1.26.15",
      "resolved": "https://registry.npmjs.org/@cliqz/adblocker/-/adblocker-1.26.15.tgz",
      "integrity": "sha512-qmrQd0a6DC+HXWvamezwtdg91mvdyvrmufcg0l/I2EGJV1nLC81S81/Fln3TnJiJTuC7rqko6pq2E+GfoDdRPg==",
      "dependencies": {
        "@cliqz/adblocker-content": "^1.26.15",
        "@cliqz/adblocker-extended-selectors": "^1.26.15",
        "@remusao/guess-url-type": "^1.2.1",
        "@remusao/small": "^1.2.1",
        "@remusao/smaz": "^1.9.1",
        "@types/chrome": "^0.0.256",
        "@types/firefox-webext-browser": "^120.0.0",
        "tldts-experimental": "^6.0.14"
      }
    },
    "node_modules/@cliqz/adblocker-content": {
      "version": "1.26.15",
      "resolved": "https://registry.npmjs.org/@cliqz/adblocker-content/-/adblocker-content-1.26.15.tgz",
      "integrity": "sha512-F1G+HCVW1SjCtHihXdh4iR6JeuI/50agBPl4EmAmZhlC2ALLAf0kZDswNr2L5sNQ1/j1XBbeNzu4YrDonnq7NQ==",
      "dependencies": {
        "@cliqz/adblocker-extended-selectors": "^1.26.15"
      }
    },
    "node_modules/@cliqz/adblocker-extended-selectors": {
      "version": "1.26.15",
      "resolved": "https://registry.npmjs.org/@cliqz/adblocker-extended-selectors/-/adblocker-extended-selectors-1.26.15.tgz",
      "integrity": "sha512-dM51IMHrRjQPj0JnoYfIBRoG9q9yYKQ7uDW27wfy0QW4pqlGRkEuHjXKK2dC8aOWUgNjDypnzWxfUMf7v0lEXA=="
    },
    "node_modules/@cliqz/adblocker-playwright": {
      "version": "1.26.15",
      "resolved": "https://registry.npmjs.org/@cliqz/adblocker-playwright/-/adblocker-playwright-1.26.15.tgz",
      "integrity": "sha512-2uhhJ1QyeKHkD480jvB9QM0uiyTKjeTSuCxznLMOnT6CVvccRyEQyR3mTMda+rgzEDnRCoemisARIJOh/0cZYw==",
      "dependencies": {
        "@cliqz/adblocker": "^1.26.15",
        "@cliqz/adblocker-content": "^1.26.15",
        "tldts-experimental": "^6.0.14"
      },
      "peerDependencies": {
        "playwright": "^1.x"
      }
    },
    "node_modules/@playwright/test": {
      "version": "1.41.0",
      "resolved": "https://registry.npmjs.org/@playwright/test/-/test-1.41.0.tgz",
      "integrity": "sha512-Grvzj841THwtpBOrfiHOeYTJQxDRnKofMSzCiV8XeyLWu3o89qftQ4BCKfkziJhSUQRd0utKhrddtIsiraIwmw==",
      "dev": true,
      "dependencies": {
        "playwright": "1.41.0"
      },
      "bin": {
        "playwright": "cli.js"
      },
      "engines": {
        "node": ">=16"
      }
    },
    "node_modules/@remusao/guess-url-type": {
      "version": "1.2.1",
      "resolved": "https://registry.npmjs.org/@remusao/guess-url-type/-/guess-url-type-1.2.1.tgz",
      "integrity": "sha512-rbOqre2jW8STjheOsOaQHLgYBaBZ9Owbdt8NO7WvNZftJlaG3y/K9oOkl8ZUpuFBisIhmBuMEW6c+YrQl5inRA=="
    },
    "node_modules/@remusao/small": {
      "version": "1.2.1",
      "resolved": "https://registry.npmjs.org/@remusao/small/-/small-1.2.1.tgz",
      "integrity": "sha512-7MjoGt0TJMVw1GPKgWq6SJPws1SLsUXQRa43Umht+nkyw2jnpy3WpiLNqGdwo5rHr5Wp9B2W/Pm5RQp656UJdw=="
    },
    "node_modules/@remusao/smaz": {
      "version": "1.9.1",
      "resolved": "https://registry.npmjs.org/@remusao/smaz/-/smaz-1.9.1.tgz",
      "integrity": "sha512-e6BLuP8oaXCZ9+v46Is4ilAZ/Vq6YLgmBP204Ixgk1qTjXmqvFYG7+AS7v9nsZdGOy96r9DWGFbbDVgMxwu1rA==",
      "dependencies": {
        "@remusao/smaz-compress": "^1.9.1",
        "@remusao/smaz-decompress": "^1.9.1"
      }
    },
    "node_modules/@remusao/smaz-compress": {
      "version": "1.9.1",
      "resolved": "https://registry.npmjs.org/@remusao/smaz-compress/-/smaz-compress-1.9.1.tgz",
      "integrity": "sha512-E2f48TwloQu3r6BdLOGF2aczeH7bJ/32oJGqvzT9SKur0cuUnLcZ7ZXP874E2fwmdE+cXzfC7bKzp79cDnmeyw==",
      "dependencies": {
        "@remusao/trie": "^1.4.1"
      }
    },
    "node_modules/@remusao/smaz-decompress": {
      "version": "1.9.1",
      "resolved": "https://registry.npmjs.org/@remusao/smaz-decompress/-/smaz-decompress-1.9.1.tgz",
      "integrity": "sha512-TfjKKprYe3n47od8auhvJ/Ikj9kQTbDTe71ynKlxslrvvUhlIV3VQSuwYuMWMbdz1fIs0H/fxCN1Z8/H3km6/A=="
    },
    "node_modules/@remusao/trie": {
      "version": "1.4.1",
      "resolved": "https://registry.npmjs.org/@remusao/trie/-/trie-1.4.1.tgz",
      "integrity": "sha512-yvwa+aCyYI/UjeD39BnpMypG8N06l86wIDW1/PAc6ihBRnodIfZDwccxQN3n1t74wduzaz74m4ZMHZnB06567Q=="
    },
    "node_modules/@types/chrome": {
      "version": "0.0.256",
      "resolved": "https://registry.npmjs.org/@types/chrome/-/chrome-0.0.256.tgz",
      "integrity": "sha512-NleTQw4DNzhPwObLNuQ3i3nvX1rZ1mgnx5FNHc2KP+Cj1fgd3BrT5yQ6Xvs+7H0kNsYxCY+lxhiCwsqq3JwtEg==",
      "dependencies": {
        "@types/filesystem": "*",
        "@types/har-format": "*"
      }
    },
    "node_modules/@types/filesystem": {
      "version": "0.0.35",
      "resolved": "https://registry.npmjs.org/@types/filesystem/-/filesystem-0.0.35.tgz",
      "integrity": "sha512-1eKvCaIBdrD2mmMgy5dwh564rVvfEhZTWVQQGRNn0Nt4ZEnJ0C8oSUCzvMKRA4lGde5oEVo+q2MrTTbV/GHDCQ==",
      "dependencies": {
        "@types/filewriter": "*"
      }
    },
    "node_modules/@types/filewriter": {
      "version": "0.0.32",
      "resolved": "https://registry.npmjs.org/@types/filewriter/-/filewriter-0.0.32.tgz",
      "integrity": "sha512-Kpi2GXQyYJdjL8mFclL1eDgihn1SIzorMZjD94kdPZh9E4VxGOeyjPxi5LpsM4Zku7P0reqegZTt2GxhmA9VBg=="
    },
    "node_modules/@types/firefox-webext-browser": {
      "version": "120.0.0",
      "resolved": "https://registry.npmjs.org/@types/firefox-webext-browser/-/firefox-webext-browser-120.0.0.tgz",
      "integrity": "sha512-L+tDlwNeq0kQGfAYc2sNfKhRWJz9CNRvlbq9HnLibKUiJ3VTThG8sj7xrJF4CtKpEA9eBAr91Z2nnKIAy+xUJg=="
    },
    "node_modules/@types/har-format": {
      "version": "1.2.15",
      "resolved": "https://registry.npmjs.org/@types/har-format/-/har-format-1.2.15.tgz",
      "integrity": "sha512-RpQH4rXLuvTXKR0zqHq3go0RVXYv/YVqv4TnPH95VbwUxZdQlK1EtcMvQvMpDngHbt13Csh9Z4qT9AbkiQH5BA=="
    },
    "node_modules/@types/node": {
      "version": "20.11.5",
      "resolved": "https://registry.npmjs.org/@types/node/-/node-20.11.5.tgz",
      "integrity": "sha512-g557vgQjUUfN76MZAN/dt1z3dzcUsimuysco0KeluHgrPdJXkP/XdAURgyO2W9fZWHRtRBiVKzKn8vyOAwlG+w==",
      "dev": true,
      "dependencies": {
        "undici-types": "~5.26.4"
      }
    },
    "node_modules/fsevents": {
      "version": "2.3.2",
      "resolved": "https://registry.npmjs.org/fsevents/-/fsevents-2.3.2.tgz",
      "integrity": "sha512-xiqMQR4xAeHTuB9uWm+fFRcIOgKBMiOBP+eXiyT7jsgVCq1bkVygt00oASowB7EdtpOHaaPgKt812P9ab+DDKA==",
      "hasInstallScript": true,
      "optional": true,
      "os": [
        "darwin"
      ],
      "engines": {
        "node": "^8.16.0 || ^10.6.0 || >=11.0.0"
      }
    },
    "node_modules/playwright": {
      "version": "1.41.0",
      "resolved": "https://registry.npmjs.org/playwright/-/playwright-1.41.0.tgz",
      "integrity": "sha512-XOsfl5ZtAik/T9oek4V0jAypNlaCNzuKOwVhqhgYT3os6kH34PzbRb74F0VWcLYa5WFdnmxl7qyAHBXvPv7lqQ==",
      "dependencies": {
        "playwright-core": "1.41.0"
      },
      "bin": {
        "playwright": "cli.js"
      },
      "engines": {
        "node": ">=16"
      },
      "optionalDependencies": {
        "fsevents": "2.3.2"
      }
    },
    "node_modules/playwright-core": {
      "version": "1.41.0",
      "resolved": "https://registry.npmjs.org/playwright-core/-/playwright-core-1.41.0.tgz",
      "integrity": "sha512-UGKASUhXmvqm2Lxa1fNr8sFwAtqjpgBRr9jQ7XBI8Rn5uFiEowGUGwrruUQsVPIom4bk7Lt+oLGpXobnXzrBIw==",
      "bin": {
        "playwright-core": "cli.js"
      },
      "engines": {
        "node": ">=16"
      }
    },
    "node_modules/tldts-core": {
      "version": "6.1.2",
      "resolved": "https://registry.npmjs.org/tldts-core/-/tldts-core-6.1.2.tgz",
      "integrity": "sha512-cFBCCSilkRe/7JkZrQlzqhWDE0r1irpEYRp5XiFLFGl8fTwN4eWqutyx9wfFaDfmVv7E7pQMUZnM1VHnOid5Vw=="
    },
    "node_modules/tldts-experimental": {
      "version": "6.1.2",
      "resolved": "https://registry.npmjs.org/tldts-experimental/-/tldts-experimental-6.1.2.tgz",
      "integrity": "sha512-KrMBTO8dH2rdkGNVJ7dbJf7+1emnHdVf8lm9n/9L2z/d1hzIOjlOTxcg9Eh4OCBn6RqT0SBz6grGWy//xyFonw==",
      "dependencies": {
        "tldts-core": "^6.1.2"
      }
    },
    "node_modules/undici-types": {
      "version": "5.26.5",
      "resolved": "https://registry.npmjs.org/undici-types/-/undici-types-5.26.5.tgz",
      "integrity": "sha512-JlCMO+ehdEIKqlFxk6IfVoAUVmgz7cU7zD/h9XZ0qzeosSHmUJVOzSQvvYSYWXkFXC+IfLKSIffhv0sVZup6pA==",
      "dev": true
    }
  }
}
